{
  "name": "raumgleiter",
  "version": "1.0.0",
  "lockfileVersion": 1,
  "requires": true,
  "dependencies": {
    "@pixi/accessibility": {
      "version": "5.3.0",
      "resolved": "https://registry.npmjs.org/@pixi/accessibility/-/accessibility-5.3.0.tgz",
      "integrity": "sha512-L1oyQH4MaVk57UR0c2Votk8ti2s8mqdTAU8ckqtV/sSckvCCcNivuOSa/1E2A92yhzg5qliZp7OQUsWvZz1u7Q==",
      "requires": {
        "@pixi/core": "5.3.0",
        "@pixi/display": "5.3.0",
        "@pixi/utils": "5.3.0"
      }
    },
    "@pixi/app": {
      "version": "5.3.0",
      "resolved": "https://registry.npmjs.org/@pixi/app/-/app-5.3.0.tgz",
      "integrity": "sha512-7U4w5EvFU9N9SMa7eBhaEMtQyHUWRHeXg1wKMIAeOcfOY9WR0KmXqWS1J1mbLtkDLG2ZVfRDS2Zs0ZhIcbL+9Q==",
      "requires": {
        "@pixi/core": "5.3.0",
        "@pixi/display": "5.3.0"
      }
    },
    "@pixi/constants": {
      "version": "5.3.0",
      "resolved": "https://registry.npmjs.org/@pixi/constants/-/constants-5.3.0.tgz",
      "integrity": "sha512-tJtzKNbKA86NZ5EYeWsZfzni9kGIAfP9ZKU5036gfvMesiERAZqYUFjDUkrxF6g8pRyxcC4QBppDmB3YIKQhMA=="
    },
    "@pixi/core": {
      "version": "5.3.0",
      "resolved": "https://registry.npmjs.org/@pixi/core/-/core-5.3.0.tgz",
      "integrity": "sha512-HfEaGzzLmcTaJKQ5jyHX44e6fMjhL5qV35tsqdMS41S9dDPSwp+Rhi9kYCeOr3SC0jQH4i9Nus46kqUpszvkQA==",
      "requires": {
        "@pixi/constants": "5.3.0",
        "@pixi/math": "5.3.0",
        "@pixi/runner": "5.3.0",
        "@pixi/settings": "5.3.0",
        "@pixi/ticker": "5.3.0",
        "@pixi/utils": "5.3.0"
      }
    },
    "@pixi/display": {
      "version": "5.3.0",
      "resolved": "https://registry.npmjs.org/@pixi/display/-/display-5.3.0.tgz",
      "integrity": "sha512-3H5z9K2m70lO8asf+KIPFeeYU6b+GsZX/JQeJREvTwNU7WziL6sBjLeHsgW6/YwkDdsF8BF81GYlRRzSwka0eg==",
      "requires": {
        "@pixi/math": "5.3.0",
        "@pixi/settings": "5.3.0",
        "@pixi/utils": "5.3.0"
      }
    },
    "@pixi/extract": {
      "version": "5.3.0",
      "resolved": "https://registry.npmjs.org/@pixi/extract/-/extract-5.3.0.tgz",
      "integrity": "sha512-B3g4mlr8Je1TPrO3OrSt5sUhOJjMiqhR/BZr+ixR5hyVIXAJ79JAISBQ1WHgGYrv+v0Uq2zW/jyKffge2ksDOQ==",
      "requires": {
        "@pixi/core": "5.3.0",
        "@pixi/math": "5.3.0",
        "@pixi/utils": "5.3.0"
      }
    },
    "@pixi/filter-alpha": {
      "version": "5.3.0",
      "resolved": "https://registry.npmjs.org/@pixi/filter-alpha/-/filter-alpha-5.3.0.tgz",
      "integrity": "sha512-E/2off+dIJk45MymMQSwEmAUd+D5gmwuTNM5J9XPvJsauXkiQgmvSJTYwOBojPLgE6Tz74dwzjPfyVXhXD2OMw==",
      "requires": {
        "@pixi/core": "5.3.0"
      }
    },
    "@pixi/filter-blur": {
      "version": "5.3.0",
      "resolved": "https://registry.npmjs.org/@pixi/filter-blur/-/filter-blur-5.3.0.tgz",
      "integrity": "sha512-p/Wjy+ylrCkUuMeNneubKkNuw2b9pDxEM9Ox1wAzWwe9MXYNeU/NU3RPnU7d0XGtxK+VxpOm3ktKbghtuMzoJQ==",
      "requires": {
        "@pixi/core": "5.3.0",
        "@pixi/settings": "5.3.0"
      }
    },
    "@pixi/filter-color-matrix": {
      "version": "5.3.0",
      "resolved": "https://registry.npmjs.org/@pixi/filter-color-matrix/-/filter-color-matrix-5.3.0.tgz",
      "integrity": "sha512-TytHEkVtmVEaEKNYUtbLMxjE66FJsTRLZxdXDfbKJmYSlItvKj/Dfaau8JVntnK5hXCgQShnGZv7pQJmOZGJwQ==",
      "requires": {
        "@pixi/core": "5.3.0"
      }
    },
    "@pixi/filter-displacement": {
      "version": "5.3.0",
      "resolved": "https://registry.npmjs.org/@pixi/filter-displacement/-/filter-displacement-5.3.0.tgz",
      "integrity": "sha512-fExR6lo0WYLuxB5fWGzzE6v9rHO5Pbq2W54oa1GKCEmKgUsKlRE81TGAeSOfSlz7wilrjQkfOzAECk8Q4b1Isg==",
      "requires": {
        "@pixi/core": "5.3.0",
        "@pixi/math": "5.3.0"
      }
    },
    "@pixi/filter-fxaa": {
      "version": "5.3.0",
      "resolved": "https://registry.npmjs.org/@pixi/filter-fxaa/-/filter-fxaa-5.3.0.tgz",
      "integrity": "sha512-vQxDEYGfu7ZF1IE5GpFPcUaOfWTiUq0ZgSdHzTlOdpdQ08Cq8DgTZAxRAd2sh1RBHANpyMlaFgAJLW6zJcLAnQ==",
      "requires": {
        "@pixi/core": "5.3.0"
      }
    },
    "@pixi/filter-noise": {
      "version": "5.3.0",
      "resolved": "https://registry.npmjs.org/@pixi/filter-noise/-/filter-noise-5.3.0.tgz",
      "integrity": "sha512-mL3QjZgGBZRmuaT9j8b985dx0d0oO1B34OIV4T8mp8Mgvxt8XtnVNJyttTACRCZE7hoRw7FyiauOwiApNYG3vw==",
      "requires": {
        "@pixi/core": "5.3.0"
      }
    },
    "@pixi/graphics": {
      "version": "5.3.0",
      "resolved": "https://registry.npmjs.org/@pixi/graphics/-/graphics-5.3.0.tgz",
      "integrity": "sha512-ey+uo6oABO4uGF514LINzte4za2Ezrf0keMpmynaoN8Eafe9Uep/PEmLj2BcdoNugRzcruJLqEoSQusQHQ23Jg==",
      "requires": {
        "@pixi/constants": "5.3.0",
        "@pixi/core": "5.3.0",
        "@pixi/display": "5.3.0",
        "@pixi/math": "5.3.0",
        "@pixi/sprite": "5.3.0",
        "@pixi/utils": "5.3.0"
      }
    },
    "@pixi/interaction": {
      "version": "5.3.0",
      "resolved": "https://registry.npmjs.org/@pixi/interaction/-/interaction-5.3.0.tgz",
      "integrity": "sha512-gc3uOzZqfKD9UCjNUYL23F8eLqXF+Epnji/HtwzOFq6P9Ybr5DIrbAG/8nFS7UjHIUUbFZ/Tw5FgqgprfAfDwA==",
      "requires": {
        "@pixi/core": "5.3.0",
        "@pixi/display": "5.3.0",
        "@pixi/math": "5.3.0",
        "@pixi/ticker": "5.3.0",
        "@pixi/utils": "5.3.0"
      }
    },
    "@pixi/loaders": {
      "version": "5.3.0",
      "resolved": "https://registry.npmjs.org/@pixi/loaders/-/loaders-5.3.0.tgz",
      "integrity": "sha512-g85GUuGWjJmh59J8gVjcIIy9rz+Zurj+cgVWb1oGTmpAVn2q19VX9Wks167SW+vLlng4UWJyjOV91pKnW7Ys9g==",
      "requires": {
        "@pixi/core": "5.3.0",
        "@pixi/utils": "5.3.0",
        "resource-loader": "^3.0.1"
      }
    },
    "@pixi/math": {
      "version": "5.3.0",
      "resolved": "https://registry.npmjs.org/@pixi/math/-/math-5.3.0.tgz",
      "integrity": "sha512-tNCEJsRhlpz2AZEhs3CPS372zgONc535pnZ9LlzErhPhbaugRraTuYrVwyuTUeqpnokpzu9VMK7ywExt3VZ/gg=="
    },
    "@pixi/mesh": {
      "version": "5.3.0",
      "resolved": "https://registry.npmjs.org/@pixi/mesh/-/mesh-5.3.0.tgz",
      "integrity": "sha512-E1vTvT3Mz7VOpVrDj7OuwE87hcePCZKt7vLVKMOm99WBFR1rclo/HIrQjWFpuGSRTWnE9IcLoVf0gMuBOHobJQ==",
      "requires": {
        "@pixi/constants": "5.3.0",
        "@pixi/core": "5.3.0",
        "@pixi/display": "5.3.0",
        "@pixi/math": "5.3.0",
        "@pixi/settings": "5.3.0",
        "@pixi/utils": "5.3.0"
      }
    },
    "@pixi/mesh-extras": {
      "version": "5.3.0",
      "resolved": "https://registry.npmjs.org/@pixi/mesh-extras/-/mesh-extras-5.3.0.tgz",
      "integrity": "sha512-eWPQ+HijIWNgjtmjhV8HGGFCBr83CZVgSlSEVtNUGJ9m+mZXibTXyu1KDoc3aV82G6g4rZ44b7+TITNQNJ6gyg==",
      "requires": {
        "@pixi/constants": "5.3.0",
        "@pixi/core": "5.3.0",
        "@pixi/math": "5.3.0",
        "@pixi/mesh": "5.3.0",
        "@pixi/utils": "5.3.0"
      }
    },
    "@pixi/mixin-cache-as-bitmap": {
      "version": "5.3.0",
      "resolved": "https://registry.npmjs.org/@pixi/mixin-cache-as-bitmap/-/mixin-cache-as-bitmap-5.3.0.tgz",
      "integrity": "sha512-s82wh0lsf3qK5UDkm6ze4r5mzuW48n0juQGt//2ia99lJlL1qi1EPgSJrY9Ru4ET0XG+cHtYH+pcjPzY9rGCrw==",
      "requires": {
        "@pixi/core": "5.3.0",
        "@pixi/display": "5.3.0",
        "@pixi/math": "5.3.0",
        "@pixi/settings": "5.3.0",
        "@pixi/sprite": "5.3.0",
        "@pixi/utils": "5.3.0"
      }
    },
    "@pixi/mixin-get-child-by-name": {
      "version": "5.3.0",
      "resolved": "https://registry.npmjs.org/@pixi/mixin-get-child-by-name/-/mixin-get-child-by-name-5.3.0.tgz",
      "integrity": "sha512-WlLPGAllfXx4HvemEfgosr1XB6Dw6Ds8D9xPO4HdymXuzmAKOCzgTDShZkUljTu+9k77mVxiNZ1WE0JwQr07ZQ==",
      "requires": {
        "@pixi/display": "5.3.0"
      }
    },
    "@pixi/mixin-get-global-position": {
      "version": "5.3.0",
      "resolved": "https://registry.npmjs.org/@pixi/mixin-get-global-position/-/mixin-get-global-position-5.3.0.tgz",
      "integrity": "sha512-sAq7PjcL4pu1LawRw8cEMMtBDV6cfhxtEp9LDJytilgQMHZA+iRfysbVAGrhJ7e/mPLFYqcuS2N5lFrJKssIxA==",
      "requires": {
        "@pixi/display": "5.3.0",
        "@pixi/math": "5.3.0"
      }
    },
    "@pixi/particles": {
      "version": "5.3.0",
      "resolved": "https://registry.npmjs.org/@pixi/particles/-/particles-5.3.0.tgz",
      "integrity": "sha512-i+HtGIYvrsyLgfRF+38KyPpRM58+dzlwxHzl942t1BeOb3fZXInj/mJMNX7dht9SRpF61Wj8JKSa66pmKay40A==",
      "requires": {
        "@pixi/constants": "5.3.0",
        "@pixi/core": "5.3.0",
        "@pixi/display": "5.3.0",
        "@pixi/math": "5.3.0",
        "@pixi/utils": "5.3.0"
      }
    },
    "@pixi/polyfill": {
      "version": "5.3.0",
      "resolved": "https://registry.npmjs.org/@pixi/polyfill/-/polyfill-5.3.0.tgz",
      "integrity": "sha512-virwKgMUTkak1UhdCTlsm5B8VbL06dgIPboNSMGBjCx7QtSAY0OGOlczljfQGbreWcjYdLob9kwDczmfObiX9A==",
      "requires": {
        "es6-promise-polyfill": "^1.2.0",
        "object-assign": "^4.1.1"
      }
    },
    "@pixi/prepare": {
      "version": "5.3.0",
      "resolved": "https://registry.npmjs.org/@pixi/prepare/-/prepare-5.3.0.tgz",
      "integrity": "sha512-TGzEGkMFDzA8T/zKhe98dh6VoAwT/8VAHRZyWXoHL9Zz7zb5ljC5VqyxEdwrP+mqZWu94Ru7bqM6msNEbKiMLA==",
      "requires": {
        "@pixi/core": "5.3.0",
        "@pixi/display": "5.3.0",
        "@pixi/graphics": "5.3.0",
        "@pixi/settings": "5.3.0",
        "@pixi/text": "5.3.0",
        "@pixi/ticker": "5.3.0"
      }
    },
    "@pixi/runner": {
      "version": "5.3.0",
      "resolved": "https://registry.npmjs.org/@pixi/runner/-/runner-5.3.0.tgz",
      "integrity": "sha512-E/bpmflpqvdRwqV4iyECvRz4heXIISoKRcxxyYV9wT1XstQYICifoxCN1qLqjnAZEZPbQSEnoZDXnqAOtdfWRw=="
    },
    "@pixi/settings": {
      "version": "5.3.0",
      "resolved": "https://registry.npmjs.org/@pixi/settings/-/settings-5.3.0.tgz",
      "integrity": "sha512-SbxdTGSutcxi4mpUVZ45J/YmSpItC0mLuFxS2CprcvIJ6yYf6fVkm5zBIQd5XFiiidEy1hgo66JsOj7bRMJkKg==",
      "requires": {
        "ismobilejs": "^1.1.0"
      }
    },
    "@pixi/sprite": {
      "version": "5.3.0",
      "resolved": "https://registry.npmjs.org/@pixi/sprite/-/sprite-5.3.0.tgz",
      "integrity": "sha512-BOFaSYP4c1Rj9GomuwjVvT6yaXdDqV7us/xGxMZctNVA/x3KSacaS9wMgezledyPUsbSCPzOoaJKFA/ceNoakQ==",
      "requires": {
        "@pixi/constants": "5.3.0",
        "@pixi/core": "5.3.0",
        "@pixi/display": "5.3.0",
        "@pixi/math": "5.3.0",
        "@pixi/settings": "5.3.0",
        "@pixi/utils": "5.3.0"
      }
    },
    "@pixi/sprite-animated": {
      "version": "5.3.0",
      "resolved": "https://registry.npmjs.org/@pixi/sprite-animated/-/sprite-animated-5.3.0.tgz",
      "integrity": "sha512-+QizdTwanp00e1zC2aN2z69BKANbXkRsUhutAPfo7noCMaXjD2Pu9VtX4XvYrYv91E67AT6lAySuw/KG15grrA==",
      "requires": {
        "@pixi/core": "5.3.0",
        "@pixi/sprite": "5.3.0",
        "@pixi/ticker": "5.3.0"
      }
    },
    "@pixi/sprite-tiling": {
      "version": "5.3.0",
      "resolved": "https://registry.npmjs.org/@pixi/sprite-tiling/-/sprite-tiling-5.3.0.tgz",
      "integrity": "sha512-j5FTT4apvqx4USyh8lp13XmlCi6Aa/LpkVBlzccwA5xOtElXG52ArnI+dcC+USCdZH1+DCMWzHZApJ81FEvR6g==",
      "requires": {
        "@pixi/constants": "5.3.0",
        "@pixi/core": "5.3.0",
        "@pixi/display": "5.3.0",
        "@pixi/math": "5.3.0",
        "@pixi/sprite": "5.3.0",
        "@pixi/utils": "5.3.0"
      }
    },
    "@pixi/spritesheet": {
      "version": "5.3.0",
      "resolved": "https://registry.npmjs.org/@pixi/spritesheet/-/spritesheet-5.3.0.tgz",
      "integrity": "sha512-KQQPdvua3pus1OYUZgMj3V9YZwEFocFxZLkY6YMggvdcGA7slLr6rDC4C+PS6OIs4lh24RXxkqsXlz8zH4V2jg==",
      "requires": {
        "@pixi/core": "5.3.0",
        "@pixi/loaders": "5.3.0",
        "@pixi/math": "5.3.0",
        "@pixi/utils": "5.3.0"
      }
    },
    "@pixi/text": {
      "version": "5.3.0",
      "resolved": "https://registry.npmjs.org/@pixi/text/-/text-5.3.0.tgz",
      "integrity": "sha512-495dXenYu4j8nX17NWrdayEzFutY17hAzeGJH4xrPd9D89IWT87mXWJBamhTi66Isdjb67xTOUpavzWMp0ULtQ==",
      "requires": {
        "@pixi/core": "5.3.0",
        "@pixi/math": "5.3.0",
        "@pixi/settings": "5.3.0",
        "@pixi/sprite": "5.3.0",
        "@pixi/utils": "5.3.0"
      }
    },
    "@pixi/text-bitmap": {
      "version": "5.3.0",
      "resolved": "https://registry.npmjs.org/@pixi/text-bitmap/-/text-bitmap-5.3.0.tgz",
      "integrity": "sha512-e4qTFvvolAQYC5hYtVk22CKT80Av3wjsDaXV3dvJAWglLcDLxUSf7n1WVXu36YLvTDZUYU1TxPG8VSuPRNF2QA==",
      "requires": {
        "@pixi/core": "5.3.0",
        "@pixi/display": "5.3.0",
        "@pixi/loaders": "5.3.0",
        "@pixi/math": "5.3.0",
        "@pixi/mesh": "5.3.0",
        "@pixi/settings": "5.3.0",
        "@pixi/text": "5.3.0",
        "@pixi/utils": "5.3.0"
      }
    },
    "@pixi/ticker": {
      "version": "5.3.0",
      "resolved": "https://registry.npmjs.org/@pixi/ticker/-/ticker-5.3.0.tgz",
      "integrity": "sha512-W5QLwaVIiULbxurboEKv0D4JIT4MOBUWQiPy2ViAqil/bQ+iVg5zZUdv0r3L3PzX/ve1fxfS+YxJ2+8WfdDbig==",
      "requires": {
        "@pixi/settings": "5.3.0"
      }
    },
    "@pixi/utils": {
      "version": "5.3.0",
      "resolved": "https://registry.npmjs.org/@pixi/utils/-/utils-5.3.0.tgz",
      "integrity": "sha512-nKjygxKbkhiivsThrVjx5kzihlND92s4Az2qaoiLRtmn9ACXH+NsXtuz8ULjTvA6gdRhHszBbyVAuykWoe84aw==",
      "requires": {
        "@pixi/constants": "5.3.0",
        "@pixi/settings": "5.3.0",
        "earcut": "^2.1.5",
        "eventemitter3": "^3.1.0",
        "url": "^0.11.0"
      }
    },
    "ansi-styles": {
      "version": "3.2.1",
      "resolved": "https://registry.npmjs.org/ansi-styles/-/ansi-styles-3.2.1.tgz",
      "integrity": "sha512-VT0ZI6kZRdTh8YyJw3SMbYm/u+NqfsAxEpWO0Pf9sq8/e94WxxOpPKx9FR1FlyCtOVDNOQ+8ntlqFxiRc+r5qA==",
      "dev": true,
      "requires": {
        "color-convert": "^1.9.0"
      }
    },
    "anymatch": {
      "version": "3.1.1",
      "resolved": "https://registry.npmjs.org/anymatch/-/anymatch-3.1.1.tgz",
      "integrity": "sha512-mM8522psRCqzV+6LhomX5wgp25YVibjh8Wj23I5RPkPppSVSjyKD2A2mBJmWGa+KN7f2D6LNh9jkBCeyLktzjg==",
      "dev": true,
      "requires": {
        "normalize-path": "^3.0.0",
        "picomatch": "^2.0.4"
      }
    },
    "autoprefixer": {
      "version": "9.8.5",
      "resolved": "https://registry.npmjs.org/autoprefixer/-/autoprefixer-9.8.5.tgz",
      "integrity": "sha512-C2p5KkumJlsTHoNv9w31NrBRgXhf6eCMteJuHZi2xhkgC+5Vm40MEtCKPhc0qdgAOhox0YPy1SQHTAky05UoKg==",
      "dev": true,
      "requires": {
        "browserslist": "^4.12.0",
        "caniuse-lite": "^1.0.30001097",
        "colorette": "^1.2.0",
        "normalize-range": "^0.1.2",
        "num2fraction": "^1.2.2",
        "postcss": "^7.0.32",
        "postcss-value-parser": "^4.1.0"
      }
    },
    "balanced-match": {
      "version": "1.0.0",
      "resolved": "https://registry.npmjs.org/balanced-match/-/balanced-match-1.0.0.tgz",
      "integrity": "sha1-ibTRmasr7kneFk6gK4nORi1xt2c="
    },
    "binary-extensions": {
      "version": "2.1.0",
      "resolved": "https://registry.npmjs.org/binary-extensions/-/binary-extensions-2.1.0.tgz",
      "integrity": "sha512-1Yj8h9Q+QDF5FzhMs/c9+6UntbD5MkRfRwac8DoEm9ZfUBZ7tZ55YcGVAzEe4bXsdQHEk+s9S5wsOKVdZrw0tQ==",
      "dev": true
    },
    "brace-expansion": {
      "version": "1.1.11",
      "resolved": "https://registry.npmjs.org/brace-expansion/-/brace-expansion-1.1.11.tgz",
      "integrity": "sha512-iCuPHDFgrHX7H2vEI/5xpz07zSHB00TpugqhmYtVmMO6518mCuRMoOYFldEBl0g187ufozdaHgWKcYFb61qGiA==",
      "requires": {
        "balanced-match": "^1.0.0",
        "concat-map": "0.0.1"
      }
    },
    "braces": {
      "version": "3.0.2",
      "resolved": "https://registry.npmjs.org/braces/-/braces-3.0.2.tgz",
      "integrity": "sha512-b8um+L1RzM3WDSzvhm6gIz1yfTbBt6YTlcEKAvsmqCZZFw46z626lVj9j1yEPW33H5H+lBQpZMP1k8l+78Ha0A==",
      "dev": true,
      "requires": {
        "fill-range": "^7.0.1"
      }
    },
    "browserslist": {
      "version": "4.13.0",
      "resolved": "https://registry.npmjs.org/browserslist/-/browserslist-4.13.0.tgz",
      "integrity": "sha512-MINatJ5ZNrLnQ6blGvePd/QOz9Xtu+Ne+x29iQSCHfkU5BugKVJwZKn/iiL8UbpIpa3JhviKjz+XxMo0m2caFQ==",
      "dev": true,
      "requires": {
        "caniuse-lite": "^1.0.30001093",
        "electron-to-chromium": "^1.3.488",
        "escalade": "^3.0.1",
        "node-releases": "^1.1.58"
      }
    },
    "caniuse-lite": {
      "version": "1.0.30001105",
      "resolved": "https://registry.npmjs.org/caniuse-lite/-/caniuse-lite-1.0.30001105.tgz",
      "integrity": "sha512-JupOe6+dGMr7E20siZHIZQwYqrllxotAhiaej96y6x00b/48rPt42o+SzOSCPbrpsDWvRja40Hwrj0g0q6LZJg==",
      "dev": true
    },
    "chalk": {
      "version": "2.4.2",
      "resolved": "https://registry.npmjs.org/chalk/-/chalk-2.4.2.tgz",
      "integrity": "sha512-Mti+f9lpJNcwF4tWV8/OrTTtF1gZi+f8FqlyAdouralcFWFQWF2+NgCHShjkCb+IFBLq9buZwE1xckQU4peSuQ==",
      "dev": true,
      "requires": {
        "ansi-styles": "^3.2.1",
        "escape-string-regexp": "^1.0.5",
        "supports-color": "^5.3.0"
      },
      "dependencies": {
        "supports-color": {
          "version": "5.5.0",
          "resolved": "https://registry.npmjs.org/supports-color/-/supports-color-5.5.0.tgz",
          "integrity": "sha512-QjVjwdXIt408MIiAqCX4oUKsgU2EqAGzs2Ppkm4aQYbjm+ZEWEcW4SfFNTr4uMNZma0ey4f5lgLrkB0aX0QMow==",
          "dev": true,
          "requires": {
            "has-flag": "^3.0.0"
          }
        }
      }
    },
    "chokidar": {
      "version": "3.4.1",
      "resolved": "https://registry.npmjs.org/chokidar/-/chokidar-3.4.1.tgz",
      "integrity": "sha512-TQTJyr2stihpC4Sya9hs2Xh+O2wf+igjL36Y75xx2WdHuiICcn/XJza46Jwt0eT5hVpQOzo3FpY3cj3RVYLX0g==",
      "dev": true,
      "requires": {
        "anymatch": "~3.1.1",
        "braces": "~3.0.2",
        "fsevents": "~2.1.2",
        "glob-parent": "~5.1.0",
        "is-binary-path": "~2.1.0",
        "is-glob": "~4.0.1",
        "normalize-path": "~3.0.0",
        "readdirp": "~3.4.0"
      }
    },
    "color-convert": {
      "version": "1.9.3",
      "resolved": "https://registry.npmjs.org/color-convert/-/color-convert-1.9.3.tgz",
      "integrity": "sha512-QfAUtd+vFdAtFQcC8CCyYt1fYWxSqAiK2cSD6zDB8N3cpsEBAvRxp9zOGg6G/SHHJYAT88/az/IuDGALsNVbGg==",
      "dev": true,
      "requires": {
        "color-name": "1.1.3"
      }
    },
    "color-name": {
      "version": "1.1.3",
      "resolved": "https://registry.npmjs.org/color-name/-/color-name-1.1.3.tgz",
      "integrity": "sha1-p9BVi9icQveV3UIyj3QIMcpTvCU=",
      "dev": true
    },
    "colorette": {
      "version": "1.2.1",
      "resolved": "https://registry.npmjs.org/colorette/-/colorette-1.2.1.tgz",
      "integrity": "sha512-puCDz0CzydiSYOrnXpz/PKd69zRrribezjtE9yd4zvytoRc8+RY/KJPvtPFKZS3E3wP6neGyMe0vOTlHO5L3Pw==",
      "dev": true
    },
    "concat-map": {
      "version": "0.0.1",
      "resolved": "https://registry.npmjs.org/concat-map/-/concat-map-0.0.1.tgz",
      "integrity": "sha1-2Klr13/Wjfd5OnMDajug1UBdR3s="
    },
    "earcut": {
      "version": "2.2.2",
      "resolved": "https://registry.npmjs.org/earcut/-/earcut-2.2.2.tgz",
      "integrity": "sha512-eZoZPPJcUHnfRZ0PjLvx2qBordSiO8ofC3vt+qACLM95u+4DovnbYNpQtJh0DNsWj8RnxrQytD4WA8gj5cRIaQ=="
    },
    "electron-to-chromium": {
      "version": "1.3.506",
      "resolved": "https://registry.npmjs.org/electron-to-chromium/-/electron-to-chromium-1.3.506.tgz",
      "integrity": "sha512-k0PHtv4gD6KJu1k6lp8pvQOe12uZriOwS2x66Vnxkq0NOBucsNrItOj/ehomvcZ3S4K1ueqUCv+fsLhXBs6Zyw==",
      "dev": true
    },
    "es6-promise-polyfill": {
      "version": "1.2.0",
      "resolved": "https://registry.npmjs.org/es6-promise-polyfill/-/es6-promise-polyfill-1.2.0.tgz",
      "integrity": "sha1-84kl8jyz4+jObNqP93T867sJDN4="
    },
    "escalade": {
      "version": "3.0.2",
      "resolved": "https://registry.npmjs.org/escalade/-/escalade-3.0.2.tgz",
      "integrity": "sha512-gPYAU37hYCUhW5euPeR+Y74F7BL+IBsV93j5cvGriSaD1aG6MGsqsV1yamRdrWrb2j3aiZvb0X+UBOWpx3JWtQ==",
      "dev": true
    },
    "escape-string-regexp": {
      "version": "1.0.5",
      "resolved": "https://registry.npmjs.org/escape-string-regexp/-/escape-string-regexp-1.0.5.tgz",
      "integrity": "sha1-G2HAViGQqN/2rjuyzwIAyhMLhtQ=",
      "dev": true
    },
    "eventemitter3": {
      "version": "3.1.2",
      "resolved": "https://registry.npmjs.org/eventemitter3/-/eventemitter3-3.1.2.tgz",
      "integrity": "sha512-tvtQIeLVHjDkJYnzf2dgVMxfuSGJeM/7UCG17TT4EumTfNtF+0nebF/4zWOIkCreAbtNqhGEboB6BWrwqNaw4Q=="
    },
    "fill-range": {
      "version": "7.0.1",
      "resolved": "https://registry.npmjs.org/fill-range/-/fill-range-7.0.1.tgz",
      "integrity": "sha512-qOo9F+dMUmC2Lcb4BbVvnKJxTPjCm+RRpe4gDuGrzkL7mEVl/djYSu2OdQ2Pa302N4oqkSg9ir6jaLWJ2USVpQ==",
      "dev": true,
      "requires": {
        "to-regex-range": "^5.0.1"
      }
    },
    "fsevents": {
      "version": "2.1.3",
      "resolved": "https://registry.npmjs.org/fsevents/-/fsevents-2.1.3.tgz",
      "integrity": "sha512-Auw9a4AxqWpa9GUfj370BMPzzyncfBABW8Mab7BGWBYDj4Isgq+cDKtx0i6u9jcX9pQDnswsaaOTgTmA5pEjuQ==",
      "dev": true,
      "optional": true
    },
    "git-cz": {
      "version": "4.7.0",
      "resolved": "https://registry.npmjs.org/git-cz/-/git-cz-4.7.0.tgz",
      "integrity": "sha512-+igNdYIuGe8zncCb6gRxEfZ14Ru0SrI+7rXOueadxBWEn3zkBd3xyTE1RjG6qM3GY+0U7vN8DmT7o9CRcyR++A==",
      "dev": true
    },
    "glob-parent": {
      "version": "5.1.1",
      "resolved": "https://registry.npmjs.org/glob-parent/-/glob-parent-5.1.1.tgz",
      "integrity": "sha512-FnI+VGOpnlGHWZxthPGR+QhR78fuiK0sNLkHQv+bL9fQi57lNNdquIbna/WrfROrolq8GK5Ek6BiMwqL/voRYQ==",
      "dev": true,
      "requires": {
        "is-glob": "^4.0.1"
      }
    },
    "has-flag": {
      "version": "3.0.0",
      "resolved": "https://registry.npmjs.org/has-flag/-/has-flag-3.0.0.tgz",
      "integrity": "sha1-tdRU3CGZriJWmfNGfloH87lVuv0=",
      "dev": true
    },
    "inherits": {
      "version": "2.0.3",
      "resolved": "https://registry.npmjs.org/inherits/-/inherits-2.0.3.tgz",
      "integrity": "sha1-Yzwsg+PaQqUC9SRmAiSA9CCCYd4="
    },
    "is-binary-path": {
      "version": "2.1.0",
      "resolved": "https://registry.npmjs.org/is-binary-path/-/is-binary-path-2.1.0.tgz",
      "integrity": "sha512-ZMERYes6pDydyuGidse7OsHxtbI7WVeUEozgR/g7rd0xUimYNlvZRE/K2MgZTjWy725IfelLeVcEM97mmtRGXw==",
      "dev": true,
      "requires": {
        "binary-extensions": "^2.0.0"
      }
    },
    "is-extglob": {
      "version": "2.1.1",
      "resolved": "https://registry.npmjs.org/is-extglob/-/is-extglob-2.1.1.tgz",
      "integrity": "sha1-qIwCU1eR8C7TfHahueqXc8gz+MI=",
      "dev": true
    },
    "is-glob": {
      "version": "4.0.1",
      "resolved": "https://registry.npmjs.org/is-glob/-/is-glob-4.0.1.tgz",
      "integrity": "sha512-5G0tKtBTFImOqDnLB2hG6Bp2qcKEFduo4tZu9MT/H6NQv/ghhy30o55ufafxJ/LdH79LLs2Kfrn85TLKyA7BUg==",
      "dev": true,
      "requires": {
        "is-extglob": "^2.1.1"
      }
    },
    "is-number": {
      "version": "7.0.0",
      "resolved": "https://registry.npmjs.org/is-number/-/is-number-7.0.0.tgz",
      "integrity": "sha512-41Cifkg6e8TylSpdtTpeLVMqvSBEVzTttHvERD741+pnZ8ANv0004MRL43QKPDlK9cGvNp6NZWZUBlbGXYxxng==",
      "dev": true
    },
    "ismobilejs": {
      "version": "1.1.1",
      "resolved": "https://registry.npmjs.org/ismobilejs/-/ismobilejs-1.1.1.tgz",
      "integrity": "sha512-VaFW53yt8QO61k2WJui0dHf4SlL8lxBofUuUmwBo0ljPk0Drz2TiuDW4jo3wDcv41qy/SxrJ+VAzJ/qYqsmzRw=="
    },
    "mini-signals": {
      "version": "1.2.0",
      "resolved": "https://registry.npmjs.org/mini-signals/-/mini-signals-1.2.0.tgz",
      "integrity": "sha1-RbCAE8X65RokqhqTXNMXye1yHXQ="
    },
    "minimatch": {
      "version": "3.0.4",
      "resolved": "https://registry.npmjs.org/minimatch/-/minimatch-3.0.4.tgz",
      "integrity": "sha512-yJHVQEhyqPLUTgt9B83PXu6W3rx4MvvHvSUvToogpwoGDOUQ+yDrR0HRot+yOCdCO7u4hX3pWft6kWBBcqh0UA==",
      "requires": {
        "brace-expansion": "^1.1.7"
      }
    },
    "modern-css-reset": {
      "version": "1.1.1",
      "resolved": "https://registry.npmjs.org/modern-css-reset/-/modern-css-reset-1.1.1.tgz",
      "integrity": "sha512-lUkQHXyZNoehOrKqw5hMAw3wcUIWZrGDY8pdo8Nhh4sEhK1pObhVLTAFCDn5b3WraWo6et86m4h0Km7fuYILHg==",
      "dev": true
    },
    "node-releases": {
      "version": "1.1.60",
      "resolved": "https://registry.npmjs.org/node-releases/-/node-releases-1.1.60.tgz",
      "integrity": "sha512-gsO4vjEdQaTusZAEebUWp2a5d7dF5DYoIpDG7WySnk7BuZDW+GPpHXoXXuYawRBr/9t5q54tirPz79kFIWg4dA==",
      "dev": true
    },
    "normalize-path": {
      "version": "3.0.0",
      "resolved": "https://registry.npmjs.org/normalize-path/-/normalize-path-3.0.0.tgz",
      "integrity": "sha512-6eZs5Ls3WtCisHWp9S2GUy8dqkpGi4BVSz3GaqiE6ezub0512ESztXUwUB6C6IKbQkY2Pnb/mD4WYojCRwcwLA==",
      "dev": true
    },
    "normalize-range": {
      "version": "0.1.2",
      "resolved": "https://registry.npmjs.org/normalize-range/-/normalize-range-0.1.2.tgz",
      "integrity": "sha1-LRDAa9/TEuqXd2laTShDlFa3WUI=",
      "dev": true
    },
    "num2fraction": {
      "version": "1.2.2",
      "resolved": "https://registry.npmjs.org/num2fraction/-/num2fraction-1.2.2.tgz",
      "integrity": "sha1-b2gragJ6Tp3fpFZM0lidHU5mnt4=",
      "dev": true
    },
    "object-assign": {
      "version": "4.1.1",
      "resolved": "https://registry.npmjs.org/object-assign/-/object-assign-4.1.1.tgz",
      "integrity": "sha1-IQmtx5ZYh8/AXLvUQsrIv7s2CGM="
    },
    "parcel-plugin-static-files-copy": {
      "version": "2.4.3",
      "resolved": "https://registry.npmjs.org/parcel-plugin-static-files-copy/-/parcel-plugin-static-files-copy-2.4.3.tgz",
      "integrity": "sha512-tUZn54XsZIZ9hhhNQkyaWaHLvjOj2wra8pp4yPjp1b5p1frQ+YEwG6eaNtaQVyA+UvORsZg+Wni7n9gIOBE8eA==",
      "requires": {
        "minimatch": "3.0.4",
        "path": "0.12.7"
      }
    },
    "parse-uri": {
      "version": "1.0.0",
      "resolved": "https://registry.npmjs.org/parse-uri/-/parse-uri-1.0.0.tgz",
      "integrity": "sha1-KHLcwi8aeXrN4Vg9igrClVLdrCA="
    },
    "path": {
      "version": "0.12.7",
      "resolved": "https://registry.npmjs.org/path/-/path-0.12.7.tgz",
      "integrity": "sha1-1NwqUGxM4hl+tIHr/NWzbAFAsQ8=",
      "requires": {
        "process": "^0.11.1",
        "util": "^0.10.3"
      }
    },
    "picomatch": {
      "version": "2.2.2",
      "resolved": "https://registry.npmjs.org/picomatch/-/picomatch-2.2.2.tgz",
      "integrity": "sha512-q0M/9eZHzmr0AulXyPwNfZjtwZ/RBZlbN3K3CErVrk50T2ASYI7Bye0EvekFY3IP1Nt2DHu0re+V2ZHIpMkuWg==",
      "dev": true
    },
    "pixi.js": {
      "version": "5.3.0",
      "resolved": "https://registry.npmjs.org/pixi.js/-/pixi.js-5.3.0.tgz",
      "integrity": "sha512-6hrQn5F5EPBPR3QTwQYJvOR0OqHVKrITE+rxo061yIUvOjFboTDB6piBSCJ4elZwfkIRLPm1/mwgoSrPovnpBg==",
      "requires": {
        "@pixi/accessibility": "5.3.0",
        "@pixi/app": "5.3.0",
        "@pixi/constants": "5.3.0",
        "@pixi/core": "5.3.0",
        "@pixi/display": "5.3.0",
        "@pixi/extract": "5.3.0",
        "@pixi/filter-alpha": "5.3.0",
        "@pixi/filter-blur": "5.3.0",
        "@pixi/filter-color-matrix": "5.3.0",
        "@pixi/filter-displacement": "5.3.0",
        "@pixi/filter-fxaa": "5.3.0",
        "@pixi/filter-noise": "5.3.0",
        "@pixi/graphics": "5.3.0",
        "@pixi/interaction": "5.3.0",
        "@pixi/loaders": "5.3.0",
        "@pixi/math": "5.3.0",
        "@pixi/mesh": "5.3.0",
        "@pixi/mesh-extras": "5.3.0",
        "@pixi/mixin-cache-as-bitmap": "5.3.0",
        "@pixi/mixin-get-child-by-name": "5.3.0",
        "@pixi/mixin-get-global-position": "5.3.0",
        "@pixi/particles": "5.3.0",
        "@pixi/polyfill": "5.3.0",
        "@pixi/prepare": "5.3.0",
        "@pixi/runner": "5.3.0",
        "@pixi/settings": "5.3.0",
        "@pixi/sprite": "5.3.0",
        "@pixi/sprite-animated": "5.3.0",
        "@pixi/sprite-tiling": "5.3.0",
        "@pixi/spritesheet": "5.3.0",
        "@pixi/text": "5.3.0",
        "@pixi/text-bitmap": "5.3.0",
        "@pixi/ticker": "5.3.0",
        "@pixi/utils": "5.3.0"
      }
    },
    "postcss": {
      "version": "7.0.32",
      "resolved": "https://registry.npmjs.org/postcss/-/postcss-7.0.32.tgz",
      "integrity": "sha512-03eXong5NLnNCD05xscnGKGDZ98CyzoqPSMjOe6SuoQY7Z2hIj0Ld1g/O/UQRuOle2aRtiIRDg9tDcTGAkLfKw==",
      "dev": true,
      "requires": {
        "chalk": "^2.4.2",
        "source-map": "^0.6.1",
        "supports-color": "^6.1.0"
      }
    },
    "postcss-value-parser": {
      "version": "4.1.0",
      "resolved": "https://registry.npmjs.org/postcss-value-parser/-/postcss-value-parser-4.1.0.tgz",
      "integrity": "sha512-97DXOFbQJhk71ne5/Mt6cOu6yxsSfM0QGQyl0L25Gca4yGWEGJaig7l7gbCX623VqTBNGLRLaVUCnNkcedlRSQ==",
      "dev": true
    },
    "process": {
      "version": "0.11.10",
      "resolved": "https://registry.npmjs.org/process/-/process-0.11.10.tgz",
      "integrity": "sha1-czIwDoQBYb2j5podHZGn1LwW8YI="
    },
    "punycode": {
      "version": "1.3.2",
      "resolved": "https://registry.npmjs.org/punycode/-/punycode-1.3.2.tgz",
      "integrity": "sha1-llOgNvt8HuQjQvIyXM7v6jkmxI0="
    },
    "querystring": {
      "version": "0.2.0",
      "resolved": "https://registry.npmjs.org/querystring/-/querystring-0.2.0.tgz",
      "integrity": "sha1-sgmEkgO7Jd+CDadW50cAWHhSFiA="
    },
    "readdirp": {
      "version": "3.4.0",
      "resolved": "https://registry.npmjs.org/readdirp/-/readdirp-3.4.0.tgz",
      "integrity": "sha512-0xe001vZBnJEK+uKcj8qOhyAKPzIT+gStxWr3LCB0DwcXR5NZJ3IaC+yGnHCYzB/S7ov3m3EEbZI2zeNvX+hGQ==",
      "dev": true,
      "requires": {
        "picomatch": "^2.2.1"
      }
    },
    "resource-loader": {
      "version": "3.0.1",
      "resolved": "https://registry.npmjs.org/resource-loader/-/resource-loader-3.0.1.tgz",
      "integrity": "sha512-fBuCRbEHdLCI1eglzQhUv9Rrdcmqkydr1r6uHE2cYHvRBrcLXeSmbE/qI/urFt8rPr/IGxir3BUwM5kUK8XoyA==",
      "requires": {
        "mini-signals": "^1.2.0",
        "parse-uri": "^1.0.0"
      }
    },
    "sass": {
      "version": "1.26.10",
      "resolved": "https://registry.npmjs.org/sass/-/sass-1.26.10.tgz",
      "integrity": "sha512-bzN0uvmzfsTvjz0qwccN1sPm2HxxpNI/Xa+7PlUEMS+nQvbyuEK7Y0qFqxlPHhiNHb1Ze8WQJtU31olMObkAMw==",
      "dev": true,
      "requires": {
        "chokidar": ">=2.0.0 <4.0.0"
      }
    },
    "source-map": {
      "version": "0.6.1",
      "resolved": "https://registry.npmjs.org/source-map/-/source-map-0.6.1.tgz",
      "integrity": "sha512-UjgapumWlbMhkBgzT7Ykc5YXUT46F0iKu8SGXq0bcwP5dz/h0Plj6enJqjz1Zbq2l5WaqYnrVbwWOWMyF3F47g==",
      "dev": true
    },
    "supports-color": {
      "version": "6.1.0",
      "resolved": "https://registry.npmjs.org/supports-color/-/supports-color-6.1.0.tgz",
      "integrity": "sha512-qe1jfm1Mg7Nq/NSh6XE24gPXROEVsWHxC1LIx//XNlD9iw7YZQGjZNjYN7xGaEG6iKdA8EtNFW6R0gjnVXp+wQ==",
      "dev": true,
      "requires": {
        "has-flag": "^3.0.0"
      }
    },
    "to-regex-range": {
      "version": "5.0.1",
      "resolved": "https://registry.npmjs.org/to-regex-range/-/to-regex-range-5.0.1.tgz",
      "integrity": "sha512-65P7iz6X5yEr1cwcgvQxbbIw7Uk3gOy5dIdtZ4rDveLqhrdJP+Li/Hx6tyK0NEb+2GCyneCMJiGqrADCSNk8sQ==",
      "dev": true,
      "requires": {
        "is-number": "^7.0.0"
      }
    },
    "url": {
      "version": "0.11.0",
      "resolved": "https://registry.npmjs.org/url/-/url-0.11.0.tgz",
      "integrity": "sha1-ODjpfPxgUh63PFJajlW/3Z4uKPE=",
      "requires": {
        "punycode": "1.3.2",
        "querystring": "0.2.0"
      }
    },
    "util": {
      "version": "0.10.4",
      "resolved": "https://registry.npmjs.org/util/-/util-0.10.4.tgz",
      "integrity": "sha512-0Pm9hTQ3se5ll1XihRic3FDIku70C+iHUdT/W926rSgHV5QgXsYbKZN8MSC3tJtSkhuROzvsQjAaFENRXr+19A==",
      "requires": {
        "inherits": "2.0.3"
      }
    }
  }
}
